
Microsoft Visual Studio Solution File, Format Version 12.00
# Visual Studio Version 17
VisualStudioVersion = 17.9.34728.123
MinimumVisualStudioVersion = 10.0.40219.1
Project("{FAE04EC0-301F-11D3-BF4B-00C04F79EFBC}") = "thongtinkhachhang", "thongtinkhachhang\thongtinkhachhang.csproj", "{A1AF918E-7D4C-4C32-A116-E4AFBC7B5973}"
EndProject
Global
	GlobalSection(SolutionConfigurationPlatforms) = preSolution
		Debug|Any CPU = Debug|Any CPU
		Release|Any CPU = Release|Any CPU
	EndGlobalSection
	GlobalSection(ProjectConfigurationPlatforms) = postSolution
		{A1AF918E-7D4C-4C32-A116-E4AFBC7B5973}.Debug|Any CPU.ActiveCfg = Debug|Any CPU
		{A1AF918E-7D4C-4C32-A116-E4AFBC7B5973}.Debug|Any CPU.Build.0 = Debug|Any CPU
		{A1AF918E-7D4C-4C32-A116-E4AFBC7B5973}.Release|Any CPU.ActiveCfg = Release|Any CPU
		{A1AF918E-7D4C-4C32-A116-E4AFBC7B5973}.Release|Any CPU.Build.0 = Release|Any CPU
	EndGlobalSection
	GlobalSection(SolutionProperties) = preSolution
		HideSolutionNode = FALSE
	EndGlobalSection
	GlobalSection(ExtensibilityGlobals) = postSolution
		SolutionGuid = {59A50F33-521E-4A43-AE91-65E0A1D9BB24}
	EndGlobalSection
EndGlobal
